
Microsoft Visual Studio Solution File, Format Version 12.00
# Visual Studio 15
VisualStudioVersion = 15.0.28307.136
MinimumVisualStudioVersion = 10.0.40219.1
Project("{6EC3EE1D-3C4E-46DD-8F32-0CC8E7565705}") = "aoc18", "aoc18.fsproj", "{C5C6460B-C6E9-4361-A26E-65C61DA003D5}"
EndProject
Global
	GlobalSection(SolutionConfigurationPlatforms) = preSolution
		Debug|Any CPU = Debug|Any CPU
		Release|Any CPU = Release|Any CPU
	EndGlobalSection
	GlobalSection(ProjectConfigurationPlatforms) = postSolution
		{C5C6460B-C6E9-4361-A26E-65C61DA003D5}.Debug|Any CPU.ActiveCfg = Debug|Any CPU
		{C5C6460B-C6E9-4361-A26E-65C61DA003D5}.Debug|Any CPU.Build.0 = Debug|Any CPU
		{C5C6460B-C6E9-4361-A26E-65C61DA003D5}.Release|Any CPU.ActiveCfg = Release|Any CPU
		{C5C6460B-C6E9-4361-A26E-65C61DA003D5}.Release|Any CPU.Build.0 = Release|Any CPU
	EndGlobalSection
	GlobalSection(SolutionProperties) = preSolution
		HideSolutionNode = FALSE
	EndGlobalSection
	GlobalSection(ExtensibilityGlobals) = postSolution
		SolutionGuid = {A6FB035A-71D6-401D-BB59-2C1DFBC3C40F}
	EndGlobalSection
EndGlobal
